// !$*UTF8*$!
{
	archiveVersion = 1;
	classes = {
	};
	objectVersion = 56;
	objects = {

/* Begin PBXBuildFile section */
		144317E32967C15E00E63723 /* Instantiable.swift in Sources */ = {isa = PBXBuildFile; fileRef = 144317E22967C15E00E63723 /* Instantiable.swift */; };
		144317E52967C19800E63723 /* UIViewController+Instantiable.swift in Sources */ = {isa = PBXBuildFile; fileRef = 144317E42967C19800E63723 /* UIViewController+Instantiable.swift */; };
		144317E82967C30A00E63723 /* PermissionKind.swift in Sources */ = {isa = PBXBuildFile; fileRef = 144317E72967C30A00E63723 /* PermissionKind.swift */; };
		14AC149D29675CC600390564 /* AppDelegate.swift in Sources */ = {isa = PBXBuildFile; fileRef = 14AC149C29675CC600390564 /* AppDelegate.swift */; };
		14AC149F29675CC600390564 /* SceneDelegate.swift in Sources */ = {isa = PBXBuildFile; fileRef = 14AC149E29675CC600390564 /* SceneDelegate.swift */; };
		14AC14A429675CC600390564 /* Main.storyboard in Resources */ = {isa = PBXBuildFile; fileRef = 14AC14A229675CC600390564 /* Main.storyboard */; };
		14AC14A629675CCB00390564 /* Assets.xcassets in Resources */ = {isa = PBXBuildFile; fileRef = 14AC14A529675CCB00390564 /* Assets.xcassets */; };
		14AC14A929675CCB00390564 /* LaunchScreen.storyboard in Resources */ = {isa = PBXBuildFile; fileRef = 14AC14A729675CCB00390564 /* LaunchScreen.storyboard */; };
		14AC14B3296775EB00390564 /* HomeViewController.swift in Sources */ = {isa = PBXBuildFile; fileRef = 14AC14B2296775EB00390564 /* HomeViewController.swift */; };
		14AC14B52967762700390564 /* PermissionViewController.swift in Sources */ = {isa = PBXBuildFile; fileRef = 14AC14B42967762700390564 /* PermissionViewController.swift */; };
		14AC14B82967884100390564 /* Constants.swift in Sources */ = {isa = PBXBuildFile; fileRef = 14AC14B72967884100390564 /* Constants.swift */; };
/* End PBXBuildFile section */

/* Begin PBXFileReference section */
		144317E22967C15E00E63723 /* Instantiable.swift */ = {isa = PBXFileReference; lastKnownFileType = sourcecode.swift; path = Instantiable.swift; sourceTree = "<group>"; };
		144317E42967C19800E63723 /* UIViewController+Instantiable.swift */ = {isa = PBXFileReference; lastKnownFileType = sourcecode.swift; path = "UIViewController+Instantiable.swift"; sourceTree = "<group>"; };
		144317E72967C30A00E63723 /* PermissionKind.swift */ = {isa = PBXFileReference; lastKnownFileType = sourcecode.swift; path = PermissionKind.swift; sourceTree = "<group>"; };
		14AC149929675CC600390564 /* RedditClient.app */ = {isa = PBXFileReference; explicitFileType = wrapper.application; includeInIndex = 0; path = RedditClient.app; sourceTree = BUILT_PRODUCTS_DIR; };
		14AC149C29675CC600390564 /* AppDelegate.swift */ = {isa = PBXFileReference; lastKnownFileType = sourcecode.swift; path = AppDelegate.swift; sourceTree = "<group>"; };
		14AC149E29675CC600390564 /* SceneDelegate.swift */ = {isa = PBXFileReference; lastKnownFileType = sourcecode.swift; path = SceneDelegate.swift; sourceTree = "<group>"; };
		14AC14A329675CC600390564 /* Base */ = {isa = PBXFileReference; lastKnownFileType = file.storyboard; name = Base; path = Base.lproj/Main.storyboard; sourceTree = "<group>"; };
		14AC14A529675CCB00390564 /* Assets.xcassets */ = {isa = PBXFileReference; lastKnownFileType = folder.assetcatalog; path = Assets.xcassets; sourceTree = "<group>"; };
		14AC14A829675CCB00390564 /* Base */ = {isa = PBXFileReference; lastKnownFileType = file.storyboard; name = Base; path = Base.lproj/LaunchScreen.storyboard; sourceTree = "<group>"; };
		14AC14AA29675CCB00390564 /* Info.plist */ = {isa = PBXFileReference; lastKnownFileType = text.plist.xml; path = Info.plist; sourceTree = "<group>"; };
		14AC14B029676AA700390564 /* README.md */ = {isa = PBXFileReference; lastKnownFileType = net.daringfireball.markdown; path = README.md; sourceTree = "<group>"; };
		14AC14B2296775EB00390564 /* HomeViewController.swift */ = {isa = PBXFileReference; lastKnownFileType = sourcecode.swift; path = HomeViewController.swift; sourceTree = "<group>"; };
		14AC14B42967762700390564 /* PermissionViewController.swift */ = {isa = PBXFileReference; lastKnownFileType = sourcecode.swift; path = PermissionViewController.swift; sourceTree = "<group>"; };
		14AC14B72967884100390564 /* Constants.swift */ = {isa = PBXFileReference; lastKnownFileType = sourcecode.swift; path = Constants.swift; sourceTree = "<group>"; };
/* End PBXFileReference section */

/* Begin PBXFrameworksBuildPhase section */
		14AC149629675CC600390564 /* Frameworks */ = {
			isa = PBXFrameworksBuildPhase;
			buildActionMask = 2147483647;
			files = (
			);
			runOnlyForDeploymentPostprocessing = 0;
		};
/* End PBXFrameworksBuildPhase section */

/* Begin PBXGroup section */
		144317E02967C12400E63723 /* Protocols */ = {
			isa = PBXGroup;
			children = (
				144317E22967C15E00E63723 /* Instantiable.swift */,
			);
			path = Protocols;
			sourceTree = "<group>";
		};
		144317E12967C13600E63723 /* Extensions */ = {
			isa = PBXGroup;
			children = (
				144317E42967C19800E63723 /* UIViewController+Instantiable.swift */,
			);
			path = Extensions;
			sourceTree = "<group>";
		};
		144317E62967C2E200E63723 /* Enums */ = {
			isa = PBXGroup;
			children = (
				144317E72967C30A00E63723 /* PermissionKind.swift */,
			);
			path = Enums;
			sourceTree = "<group>";
		};
		14AC149029675CC500390564 = {
			isa = PBXGroup;
			children = (
				14AC14B029676AA700390564 /* README.md */,
				14AC149B29675CC600390564 /* RedditClient */,
				14AC149A29675CC600390564 /* Products */,
			);
			sourceTree = "<group>";
		};
		14AC149A29675CC600390564 /* Products */ = {
			isa = PBXGroup;
			children = (
				14AC149929675CC600390564 /* RedditClient.app */,
			);
			name = Products;
			sourceTree = "<group>";
		};
		14AC149B29675CC600390564 /* RedditClient */ = {
			isa = PBXGroup;
			children = (
				14AC14B62967883100390564 /* Shared */,
				14AC14B12967748300390564 /* View */,
				14AC149C29675CC600390564 /* AppDelegate.swift */,
				14AC149E29675CC600390564 /* SceneDelegate.swift */,
				14AC14A529675CCB00390564 /* Assets.xcassets */,
				14AC14AA29675CCB00390564 /* Info.plist */,
			);
			path = RedditClient;
			sourceTree = "<group>";
		};
		14AC14B12967748300390564 /* View */ = {
			isa = PBXGroup;
			children = (
				14AC14A729675CCB00390564 /* LaunchScreen.storyboard */,
				14AC14A229675CC600390564 /* Main.storyboard */,
				14AC14B2296775EB00390564 /* HomeViewController.swift */,
				14AC14B42967762700390564 /* PermissionViewController.swift */,
			);
			path = View;
			sourceTree = "<group>";
		};
		14AC14B62967883100390564 /* Shared */ = {
			isa = PBXGroup;
			children = (
				14AC14B72967884100390564 /* Constants.swift */,
				144317E02967C12400E63723 /* Protocols */,
				144317E12967C13600E63723 /* Extensions */,
				144317E62967C2E200E63723 /* Enums */,
			);
			path = Shared;
			sourceTree = "<group>";
		};
/* End PBXGroup section */

/* Begin PBXNativeTarget section */
		14AC149829675CC600390564 /* RedditClient */ = {
			isa = PBXNativeTarget;
			buildConfigurationList = 14AC14AD29675CCB00390564 /* Build configuration list for PBXNativeTarget "RedditClient" */;
			buildPhases = (
				14AC149529675CC600390564 /* Sources */,
				14AC149629675CC600390564 /* Frameworks */,
				14AC149729675CC600390564 /* Resources */,
			);
			buildRules = (
			);
			dependencies = (
			);
			name = RedditClient;
			productName = RedditClient;
			productReference = 14AC149929675CC600390564 /* RedditClient.app */;
			productType = "com.apple.product-type.application";
		};
/* End PBXNativeTarget section */

/* Begin PBXProject section */
		14AC149129675CC500390564 /* Project object */ = {
			isa = PBXProject;
			attributes = {
				BuildIndependentTargetsInParallel = 1;
				LastSwiftUpdateCheck = 1420;
				LastUpgradeCheck = 1420;
				TargetAttributes = {
					14AC149829675CC600390564 = {
						CreatedOnToolsVersion = 14.2;
					};
				};
			};
			buildConfigurationList = 14AC149429675CC500390564 /* Build configuration list for PBXProject "RedditClient" */;
			compatibilityVersion = "Xcode 14.0";
			developmentRegion = en;
			hasScannedForEncodings = 0;
			knownRegions = (
				en,
				Base,
			);
			mainGroup = 14AC149029675CC500390564;
			productRefGroup = 14AC149A29675CC600390564 /* Products */;
			projectDirPath = "";
			projectRoot = "";
			targets = (
				14AC149829675CC600390564 /* RedditClient */,
			);
		};
/* End PBXProject section */

/* Begin PBXResourcesBuildPhase section */
		14AC149729675CC600390564 /* Resources */ = {
			isa = PBXResourcesBuildPhase;
			buildActionMask = 2147483647;
			files = (
				14AC14A929675CCB00390564 /* LaunchScreen.storyboard in Resources */,
				14AC14A629675CCB00390564 /* Assets.xcassets in Resources */,
				14AC14A429675CC600390564 /* Main.storyboard in Resources */,
			);
			runOnlyForDeploymentPostprocessing = 0;
		};
/* End PBXResourcesBuildPhase section */

/* Begin PBXSourcesBuildPhase section */
		14AC149529675CC600390564 /* Sources */ = {
			isa = PBXSourcesBuildPhase;
			buildActionMask = 2147483647;
			files = (
				14AC14B82967884100390564 /* Constants.swift in Sources */,
				144317E32967C15E00E63723 /* Instantiable.swift in Sources */,
				144317E52967C19800E63723 /* UIViewController+Instantiable.swift in Sources */,
				14AC149D29675CC600390564 /* AppDelegate.swift in Sources */,
				14AC149F29675CC600390564 /* SceneDelegate.swift in Sources */,
				14AC14B3296775EB00390564 /* HomeViewController.swift in Sources */,
				144317E82967C30A00E63723 /* PermissionKind.swift in Sources */,
				14AC14B52967762700390564 /* PermissionViewController.swift in Sources */,
			);
			runOnlyForDeploymentPostprocessing = 0;
		};
/* End PBXSourcesBuildPhase section */

/* Begin PBXVariantGroup section */
		14AC14A229675CC600390564 /* Main.storyboard */ = {
			isa = PBXVariantGroup;
			children = (
				14AC14A329675CC600390564 /* Base */,
			);
			name = Main.storyboard;
			sourceTree = "<group>";
		};
		14AC14A729675CCB00390564 /* LaunchScreen.storyboard */ = {
			isa = PBXVariantGroup;
			children = (
				14AC14A829675CCB00390564 /* Base */,
			);
			name = LaunchScreen.storyboard;
			sourceTree = "<group>";
		};
/* End PBXVariantGroup section */

/* Begin XCBuildConfiguration section */
		14AC14AB29675CCB00390564 /* Debug */ = {
			isa = XCBuildConfiguration;
			buildSettings = {
				ALWAYS_SEARCH_USER_PATHS = NO;
				CLANG_ANALYZER_NONNULL = YES;
				CLANG_ANALYZER_NUMBER_OBJECT_CONVERSION = YES_AGGRESSIVE;
				CLANG_CXX_LANGUAGE_STANDARD = "gnu++20";
				CLANG_ENABLE_MODULES = YES;
				CLANG_ENABLE_OBJC_ARC = YES;
				CLANG_ENABLE_OBJC_WEAK = YES;
				CLANG_WARN_BLOCK_CAPTURE_AUTORELEASING = YES;
				CLANG_WARN_BOOL_CONVERSION = YES;
				CLANG_WARN_COMMA = YES;
				CLANG_WARN_CONSTANT_CONVERSION = YES;
				CLANG_WARN_DEPRECATED_OBJC_IMPLEMENTATIONS = YES;
				CLANG_WARN_DIRECT_OBJC_ISA_USAGE = YES_ERROR;
				CLANG_WARN_DOCUMENTATION_COMMENTS = YES;
				CLANG_WARN_EMPTY_BODY = YES;
				CLANG_WARN_ENUM_CONVERSION = YES;
				CLANG_WARN_INFINITE_RECURSION = YES;
				CLANG_WARN_INT_CONVERSION = YES;
				CLANG_WARN_NON_LITERAL_NULL_CONVERSION = YES;
				CLANG_WARN_OBJC_IMPLICIT_RETAIN_SELF = YES;
				CLANG_WARN_OBJC_LITERAL_CONVERSION = YES;
				CLANG_WARN_OBJC_ROOT_CLASS = YES_ERROR;
				CLANG_WARN_QUOTED_INCLUDE_IN_FRAMEWORK_HEADER = YES;
				CLANG_WARN_RANGE_LOOP_ANALYSIS = YES;
				CLANG_WARN_STRICT_PROTOTYPES = YES;
				CLANG_WARN_SUSPICIOUS_MOVE = YES;
				CLANG_WARN_UNGUARDED_AVAILABILITY = YES_AGGRESSIVE;
				CLANG_WARN_UNREACHABLE_CODE = YES;
				CLANG_WARN__DUPLICATE_METHOD_MATCH = YES;
				COPY_PHASE_STRIP = NO;
				DEBUG_INFORMATION_FORMAT = dwarf;
				ENABLE_STRICT_OBJC_MSGSEND = YES;
				ENABLE_TESTABILITY = YES;
				GCC_C_LANGUAGE_STANDARD = gnu11;
				GCC_DYNAMIC_NO_PIC = NO;
				GCC_NO_COMMON_BLOCKS = YES;
				GCC_OPTIMIZATION_LEVEL = 0;
				GCC_PREPROCESSOR_DEFINITIONS = (
					"DEBUG=1",
					"$(inherited)",
				);
				GCC_WARN_64_TO_32_BIT_CONVERSION = YES;
				GCC_WARN_ABOUT_RETURN_TYPE = YES_ERROR;
				GCC_WARN_UNDECLARED_SELECTOR = YES;
				GCC_WARN_UNINITIALIZED_AUTOS = YES_AGGRESSIVE;
				GCC_WARN_UNUSED_FUNCTION = YES;
				GCC_WARN_UNUSED_VARIABLE = YES;
				IPHONEOS_DEPLOYMENT_TARGET = 16.2;
				MTL_ENABLE_DEBUG_INFO = INCLUDE_SOURCE;
				MTL_FAST_MATH = YES;
				ONLY_ACTIVE_ARCH = YES;
				SDKROOT = iphoneos;
				SWIFT_ACTIVE_COMPILATION_CONDITIONS = DEBUG;
				SWIFT_OPTIMIZATION_LEVEL = "-Onone";
			};
			name = Debug;
		};
		14AC14AC29675CCB00390564 /* Release */ = {
			isa = XCBuildConfiguration;
			buildSettings = {
				ALWAYS_SEARCH_USER_PATHS = NO;
				CLANG_ANALYZER_NONNULL = YES;
				CLANG_ANALYZER_NUMBER_OBJECT_CONVERSION = YES_AGGRESSIVE;
				CLANG_CXX_LANGUAGE_STANDARD = "gnu++20";
				CLANG_ENABLE_MODULES = YES;
				CLANG_ENABLE_OBJC_ARC = YES;
				CLANG_ENABLE_OBJC_WEAK = YES;
				CLANG_WARN_BLOCK_CAPTURE_AUTORELEASING = YES;
				CLANG_WARN_BOOL_CONVERSION = YES;
				CLANG_WARN_COMMA = YES;
				CLANG_WARN_CONSTANT_CONVERSION = YES;
				CLANG_WARN_DEPRECATED_OBJC_IMPLEMENTATIONS = YES;
				CLANG_WARN_DIRECT_OBJC_ISA_USAGE = YES_ERROR;
				CLANG_WARN_DOCUMENTATION_COMMENTS = YES;
				CLANG_WARN_EMPTY_BODY = YES;
				CLANG_WARN_ENUM_CONVERSION = YES;
				CLANG_WARN_INFINITE_RECURSION = YES;
				CLANG_WARN_INT_CONVERSION = YES;
				CLANG_WARN_NON_LITERAL_NULL_CONVERSION = YES;
				CLANG_WARN_OBJC_IMPLICIT_RETAIN_SELF = YES;
				CLANG_WARN_OBJC_LITERAL_CONVERSION = YES;
				CLANG_WARN_OBJC_ROOT_CLASS = YES_ERROR;
				CLANG_WARN_QUOTED_INCLUDE_IN_FRAMEWORK_HEADER = YES;
				CLANG_WARN_RANGE_LOOP_ANALYSIS = YES;
				CLANG_WARN_STRICT_PROTOTYPES = YES;
				CLANG_WARN_SUSPICIOUS_MOVE = YES;
				CLANG_WARN_UNGUARDED_AVAILABILITY = YES_AGGRESSIVE;
				CLANG_WARN_UNREACHABLE_CODE = YES;
				CLANG_WARN__DUPLICATE_METHOD_MATCH = YES;
				COPY_PHASE_STRIP = NO;
				DEBUG_INFORMATION_FORMAT = "dwarf-with-dsym";
				ENABLE_NS_ASSERTIONS = NO;
				ENABLE_STRICT_OBJC_MSGSEND = YES;
				GCC_C_LANGUAGE_STANDARD = gnu11;
				GCC_NO_COMMON_BLOCKS = YES;
				GCC_WARN_64_TO_32_BIT_CONVERSION = YES;
				GCC_WARN_ABOUT_RETURN_TYPE = YES_ERROR;
				GCC_WARN_UNDECLARED_SELECTOR = YES;
				GCC_WARN_UNINITIALIZED_AUTOS = YES_AGGRESSIVE;
				GCC_WARN_UNUSED_FUNCTION = YES;
				GCC_WARN_UNUSED_VARIABLE = YES;
				IPHONEOS_DEPLOYMENT_TARGET = 16.2;
				MTL_ENABLE_DEBUG_INFO = NO;
				MTL_FAST_MATH = YES;
				SDKROOT = iphoneos;
				SWIFT_COMPILATION_MODE = wholemodule;
				SWIFT_OPTIMIZATION_LEVEL = "-O";
				VALIDATE_PRODUCT = YES;
			};
			name = Release;
		};
		14AC14AE29675CCB00390564 /* Debug */ = {
			isa = XCBuildConfiguration;
			buildSettings = {
				ASSETCATALOG_COMPILER_APPICON_NAME = AppIcon;
				ASSETCATALOG_COMPILER_GLOBAL_ACCENT_COLOR_NAME = AccentColor;
				CODE_SIGN_STYLE = Automatic;
				CURRENT_PROJECT_VERSION = 1;
				GENERATE_INFOPLIST_FILE = YES;
				INFOPLIST_FILE = RedditClient/Info.plist;
				INFOPLIST_KEY_NSCameraUsageDescription = "Allow camere usage take photos";
				INFOPLIST_KEY_NSLocationWhenInUseUsageDescription = "Allow location when in use to find friends nearby";
				INFOPLIST_KEY_UIApplicationSupportsIndirectInputEvents = YES;
				INFOPLIST_KEY_UILaunchStoryboardName = LaunchScreen.storyboard;
				INFOPLIST_KEY_UIMainStoryboardFile = Main;
				INFOPLIST_KEY_UISupportedInterfaceOrientations = UIInterfaceOrientationPortrait;
				LD_RUNPATH_SEARCH_PATHS = (
					"$(inherited)",
					"@executable_path/Frameworks",
				);
				MARKETING_VERSION = 1;
				PRODUCT_BUNDLE_IDENTIFIER = org.arbridev.RedditClient;
				PRODUCT_NAME = "$(TARGET_NAME)";
				SUPPORTED_PLATFORMS = "iphoneos iphonesimulator";
				SUPPORTS_MACCATALYST = NO;
				SUPPORTS_MAC_DESIGNED_FOR_IPHONE_IPAD = NO;
				SWIFT_EMIT_LOC_STRINGS = YES;
				SWIFT_VERSION = 5.0;
				TARGETED_DEVICE_FAMILY = 1;
			};
			name = Debug;
		};
		14AC14AF29675CCB00390564 /* Release */ = {
			isa = XCBuildConfiguration;
			buildSettings = {
				ASSETCATALOG_COMPILER_APPICON_NAME = AppIcon;
				ASSETCATALOG_COMPILER_GLOBAL_ACCENT_COLOR_NAME = AccentColor;
				CODE_SIGN_STYLE = Automatic;
				CURRENT_PROJECT_VERSION = 1;
				GENERATE_INFOPLIST_FILE = YES;
				INFOPLIST_FILE = RedditClient/Info.plist;
				INFOPLIST_KEY_NSCameraUsageDescription = "Allow camere usage take photos";
				INFOPLIST_KEY_NSLocationWhenInUseUsageDescription = "Allow location when in use to find friends nearby";
				INFOPLIST_KEY_UIApplicationSupportsIndirectInputEvents = YES;
				INFOPLIST_KEY_UILaunchStoryboardName = LaunchScreen.storyboard;
				INFOPLIST_KEY_UIMainStoryboardFile = Main;
				INFOPLIST_KEY_UISupportedInterfaceOrientations = UIInterfaceOrientationPortrait;
				LD_RUNPATH_SEARCH_PATHS = (
					"$(inherited)",
					"@executable_path/Frameworks",
				);
				MARKETING_VERSION = 1;
				PRODUCT_BUNDLE_IDENTIFIER = org.arbridev.RedditClient;
				PRODUCT_NAME = "$(TARGET_NAME)";
				SUPPORTED_PLATFORMS = "iphoneos iphonesimulator";
				SUPPORTS_MACCATALYST = NO;
				SUPPORTS_MAC_DESIGNED_FOR_IPHONE_IPAD = NO;
				SWIFT_EMIT_LOC_STRINGS = YES;
				SWIFT_VERSION = 5.0;
				TARGETED_DEVICE_FAMILY = 1;
			};
			name = Release;
		};
/* End XCBuildConfiguration section */

/* Begin XCConfigurationList section */
		14AC149429675CC500390564 /* Build configuration list for PBXProject "RedditClient" */ = {
			isa = XCConfigurationList;
			buildConfigurations = (
				14AC14AB29675CCB00390564 /* Debug */,
				14AC14AC29675CCB00390564 /* Release */,
			);
			defaultConfigurationIsVisible = 0;
			defaultConfigurationName = Release;
		};
		14AC14AD29675CCB00390564 /* Build configuration list for PBXNativeTarget "RedditClient" */ = {
			isa = XCConfigurationList;
			buildConfigurations = (
				14AC14AE29675CCB00390564 /* Debug */,
				14AC14AF29675CCB00390564 /* Release */,
			);
			defaultConfigurationIsVisible = 0;
			defaultConfigurationName = Release;
		};
/* End XCConfigurationList section */
	};
	rootObject = 14AC149129675CC500390564 /* Project object */;
}
